// !$*UTF8*$!
{
	archiveVersion = 1;
	classes = {
	};
	objectVersion = 56;
	objects = {

/* Begin PBXBuildFile section */
		4D5B2DA92C37F62200D6C20C /* SimpleSwiftDataApp.swift in Sources */ = {isa = PBXBuildFile; fileRef = 4D5B2DA82C37F62200D6C20C /* SimpleSwiftDataApp.swift */; };
		4D5B2DAB2C37F62200D6C20C /* ContentView.swift in Sources */ = {isa = PBXBuildFile; fileRef = 4D5B2DAA2C37F62200D6C20C /* ContentView.swift */; };
		4D5B2DAD2C37F62200D6C20C /* Item.swift in Sources */ = {isa = PBXBuildFile; fileRef = 4D5B2DAC2C37F62200D6C20C /* Item.swift */; };
		4D5B2DAF2C37F62300D6C20C /* Assets.xcassets in Resources */ = {isa = PBXBuildFile; fileRef = 4D5B2DAE2C37F62300D6C20C /* Assets.xcassets */; };
		4D5B2DB22C37F62300D6C20C /* Preview Assets.xcassets in Resources */ = {isa = PBXBuildFile; fileRef = 4D5B2DB12C37F62300D6C20C /* Preview Assets.xcassets */; };
		4D5B2DBC2C37F62300D6C20C /* SimpleSwiftDataTests.swift in Sources */ = {isa = PBXBuildFile; fileRef = 4D5B2DBB2C37F62300D6C20C /* SimpleSwiftDataTests.swift */; };
		4D5B2DC62C37F62300D6C20C /* SimpleSwiftDataUITests.swift in Sources */ = {isa = PBXBuildFile; fileRef = 4D5B2DC52C37F62300D6C20C /* SimpleSwiftDataUITests.swift */; };
		4D5B2DC82C37F62300D6C20C /* SimpleSwiftDataUITestsLaunchTests.swift in Sources */ = {isa = PBXBuildFile; fileRef = 4D5B2DC72C37F62300D6C20C /* SimpleSwiftDataUITestsLaunchTests.swift */; };
/* End PBXBuildFile section */

/* Begin PBXContainerItemProxy section */
		4D5B2DB82C37F62300D6C20C /* PBXContainerItemProxy */ = {
			isa = PBXContainerItemProxy;
			containerPortal = 4D5B2D9D2C37F62200D6C20C /* Project object */;
			proxyType = 1;
			remoteGlobalIDString = 4D5B2DA42C37F62200D6C20C;
			remoteInfo = SimpleSwiftData;
		};
		4D5B2DC22C37F62300D6C20C /* PBXContainerItemProxy */ = {
			isa = PBXContainerItemProxy;
			containerPortal = 4D5B2D9D2C37F62200D6C20C /* Project object */;
			proxyType = 1;
			remoteGlobalIDString = 4D5B2DA42C37F62200D6C20C;
			remoteInfo = SimpleSwiftData;
		};
/* End PBXContainerItemProxy section */

/* Begin PBXFileReference section */
		4D5B2DA52C37F62200D6C20C /* SimpleSwiftData.app */ = {isa = PBXFileReference; explicitFileType = wrapper.application; includeInIndex = 0; path = SimpleSwiftData.app; sourceTree = BUILT_PRODUCTS_DIR; };
		4D5B2DA82C37F62200D6C20C /* SimpleSwiftDataApp.swift */ = {isa = PBXFileReference; lastKnownFileType = sourcecode.swift; path = SimpleSwiftDataApp.swift; sourceTree = "<group>"; };
		4D5B2DAA2C37F62200D6C20C /* ContentView.swift */ = {isa = PBXFileReference; lastKnownFileType = sourcecode.swift; path = ContentView.swift; sourceTree = "<group>"; };
		4D5B2DAC2C37F62200D6C20C /* Item.swift */ = {isa = PBXFileReference; lastKnownFileType = sourcecode.swift; path = Item.swift; sourceTree = "<group>"; };
		4D5B2DAE2C37F62300D6C20C /* Assets.xcassets */ = {isa = PBXFileReference; lastKnownFileType = folder.assetcatalog; path = Assets.xcassets; sourceTree = "<group>"; };
		4D5B2DB12C37F62300D6C20C /* Preview Assets.xcassets */ = {isa = PBXFileReference; lastKnownFileType = folder.assetcatalog; path = "Preview Assets.xcassets"; sourceTree = "<group>"; };
		4D5B2DB72C37F62300D6C20C /* SimpleSwiftDataTests.xctest */ = {isa = PBXFileReference; explicitFileType = wrapper.cfbundle; includeInIndex = 0; path = SimpleSwiftDataTests.xctest; sourceTree = BUILT_PRODUCTS_DIR; };
		4D5B2DBB2C37F62300D6C20C /* SimpleSwiftDataTests.swift */ = {isa = PBXFileReference; lastKnownFileType = sourcecode.swift; path = SimpleSwiftDataTests.swift; sourceTree = "<group>"; };
		4D5B2DC12C37F62300D6C20C /* SimpleSwiftDataUITests.xctest */ = {isa = PBXFileReference; explicitFileType = wrapper.cfbundle; includeInIndex = 0; path = SimpleSwiftDataUITests.xctest; sourceTree = BUILT_PRODUCTS_DIR; };
		4D5B2DC52C37F62300D6C20C /* SimpleSwiftDataUITests.swift */ = {isa = PBXFileReference; lastKnownFileType = sourcecode.swift; path = SimpleSwiftDataUITests.swift; sourceTree = "<group>"; };
		4D5B2DC72C37F62300D6C20C /* SimpleSwiftDataUITestsLaunchTests.swift */ = {isa = PBXFileReference; lastKnownFileType = sourcecode.swift; path = SimpleSwiftDataUITestsLaunchTests.swift; sourceTree = "<group>"; };
/* End PBXFileReference section */

/* Begin PBXFrameworksBuildPhase section */
		4D5B2DA22C37F62200D6C20C /* Frameworks */ = {
			isa = PBXFrameworksBuildPhase;
			buildActionMask = 2147483647;
			files = (
			);
			runOnlyForDeploymentPostprocessing = 0;
		};
		4D5B2DB42C37F62300D6C20C /* Frameworks */ = {
			isa = PBXFrameworksBuildPhase;
			buildActionMask = 2147483647;
			files = (
			);
			runOnlyForDeploymentPostprocessing = 0;
		};
		4D5B2DBE2C37F62300D6C20C /* Frameworks */ = {
			isa = PBXFrameworksBuildPhase;
			buildActionMask = 2147483647;
			files = (
			);
			runOnlyForDeploymentPostprocessing = 0;
		};
/* End PBXFrameworksBuildPhase section */

/* Begin PBXGroup section */
		4D5B2D9C2C37F62200D6C20C = {
			isa = PBXGroup;
			children = (
				4D5B2DA72C37F62200D6C20C /* SimpleSwiftData */,
				4D5B2DBA2C37F62300D6C20C /* SimpleSwiftDataTests */,
				4D5B2DC42C37F62300D6C20C /* SimpleSwiftDataUITests */,
				4D5B2DA62C37F62200D6C20C /* Products */,
			);
			sourceTree = "<group>";
		};
		4D5B2DA62C37F62200D6C20C /* Products */ = {
			isa = PBXGroup;
			children = (
				4D5B2DA52C37F62200D6C20C /* SimpleSwiftData.app */,
				4D5B2DB72C37F62300D6C20C /* SimpleSwiftDataTests.xctest */,
				4D5B2DC12C37F62300D6C20C /* SimpleSwiftDataUITests.xctest */,
			);
			name = Products;
			sourceTree = "<group>";
		};
		4D5B2DA72C37F62200D6C20C /* SimpleSwiftData */ = {
			isa = PBXGroup;
			children = (
				4D5B2DA82C37F62200D6C20C /* SimpleSwiftDataApp.swift */,
				4D5B2DAA2C37F62200D6C20C /* ContentView.swift */,
				4D5B2DAC2C37F62200D6C20C /* Item.swift */,
				4D5B2DAE2C37F62300D6C20C /* Assets.xcassets */,
				4D5B2DB02C37F62300D6C20C /* Preview Content */,
			);
			path = SimpleSwiftData;
			sourceTree = "<group>";
		};
		4D5B2DB02C37F62300D6C20C /* Preview Content */ = {
			isa = PBXGroup;
			children = (
				4D5B2DB12C37F62300D6C20C /* Preview Assets.xcassets */,
			);
			path = "Preview Content";
			sourceTree = "<group>";
		};
		4D5B2DBA2C37F62300D6C20C /* SimpleSwiftDataTests */ = {
			isa = PBXGroup;
			children = (
				4D5B2DBB2C37F62300D6C20C /* SimpleSwiftDataTests.swift */,
			);
			path = SimpleSwiftDataTests;
			sourceTree = "<group>";
		};
		4D5B2DC42C37F62300D6C20C /* SimpleSwiftDataUITests */ = {
			isa = PBXGroup;
			children = (
				4D5B2DC52C37F62300D6C20C /* SimpleSwiftDataUITests.swift */,
				4D5B2DC72C37F62300D6C20C /* SimpleSwiftDataUITestsLaunchTests.swift */,
			);
			path = SimpleSwiftDataUITests;
			sourceTree = "<group>";
		};
/* End PBXGroup section */

/* Begin PBXNativeTarget section */
		4D5B2DA42C37F62200D6C20C /* SimpleSwiftData */ = {
			isa = PBXNativeTarget;
			buildConfigurationList = 4D5B2DCB2C37F62300D6C20C /* Build configuration list for PBXNativeTarget "SimpleSwiftData" */;
			buildPhases = (
				4D5B2DA12C37F62200D6C20C /* Sources */,
				4D5B2DA22C37F62200D6C20C /* Frameworks */,
				4D5B2DA32C37F62200D6C20C /* Resources */,
			);
			buildRules = (
			);
			dependencies = (
			);
			name = SimpleSwiftData;
			productName = SimpleSwiftData;
			productReference = 4D5B2DA52C37F62200D6C20C /* SimpleSwiftData.app */;
			productType = "com.apple.product-type.application";
		};
		4D5B2DB62C37F62300D6C20C /* SimpleSwiftDataTests */ = {
			isa = PBXNativeTarget;
			buildConfigurationList = 4D5B2DCE2C37F62300D6C20C /* Build configuration list for PBXNativeTarget "SimpleSwiftDataTests" */;
			buildPhases = (
				4D5B2DB32C37F62300D6C20C /* Sources */,
				4D5B2DB42C37F62300D6C20C /* Frameworks */,
				4D5B2DB52C37F62300D6C20C /* Resources */,
			);
			buildRules = (
			);
			dependencies = (
				4D5B2DB92C37F62300D6C20C /* PBXTargetDependency */,
			);
			name = SimpleSwiftDataTests;
			productName = SimpleSwiftDataTests;
			productReference = 4D5B2DB72C37F62300D6C20C /* SimpleSwiftDataTests.xctest */;
			productType = "com.apple.product-type.bundle.unit-test";
		};
		4D5B2DC02C37F62300D6C20C /* SimpleSwiftDataUITests */ = {
			isa = PBXNativeTarget;
			buildConfigurationList = 4D5B2DD12C37F62300D6C20C /* Build configuration list for PBXNativeTarget "SimpleSwiftDataUITests" */;
			buildPhases = (
				4D5B2DBD2C37F62300D6C20C /* Sources */,
				4D5B2DBE2C37F62300D6C20C /* Frameworks */,
				4D5B2DBF2C37F62300D6C20C /* Resources */,
			);
			buildRules = (
			);
			dependencies = (
				4D5B2DC32C37F62300D6C20C /* PBXTargetDependency */,
			);
			name = SimpleSwiftDataUITests;
			productName = SimpleSwiftDataUITests;
			productReference = 4D5B2DC12C37F62300D6C20C /* SimpleSwiftDataUITests.xctest */;
			productType = "com.apple.product-type.bundle.ui-testing";
		};
/* End PBXNativeTarget section */

/* Begin PBXProject section */
		4D5B2D9D2C37F62200D6C20C /* Project object */ = {
			isa = PBXProject;
			attributes = {
				BuildIndependentTargetsInParallel = 1;
				LastSwiftUpdateCheck = 1540;
				LastUpgradeCheck = 1540;
				TargetAttributes = {
					4D5B2DA42C37F62200D6C20C = {
						CreatedOnToolsVersion = 15.4;
					};
					4D5B2DB62C37F62300D6C20C = {
						CreatedOnToolsVersion = 15.4;
						TestTargetID = 4D5B2DA42C37F62200D6C20C;
					};
					4D5B2DC02C37F62300D6C20C = {
						CreatedOnToolsVersion = 15.4;
						TestTargetID = 4D5B2DA42C37F62200D6C20C;
					};
				};
			};
			buildConfigurationList = 4D5B2DA02C37F62200D6C20C /* Build configuration list for PBXProject "SimpleSwiftData" */;
			compatibilityVersion = "Xcode 14.0";
			developmentRegion = en;
			hasScannedForEncodings = 0;
			knownRegions = (
				en,
				Base,
			);
			mainGroup = 4D5B2D9C2C37F62200D6C20C;
			productRefGroup = 4D5B2DA62C37F62200D6C20C /* Products */;
			projectDirPath = "";
			projectRoot = "";
			targets = (
				4D5B2DA42C37F62200D6C20C /* SimpleSwiftData */,
				4D5B2DB62C37F62300D6C20C /* SimpleSwiftDataTests */,
				4D5B2DC02C37F62300D6C20C /* SimpleSwiftDataUITests */,
			);
		};
/* End PBXProject section */

/* Begin PBXResourcesBuildPhase section */
		4D5B2DA32C37F62200D6C20C /* Resources */ = {
			isa = PBXResourcesBuildPhase;
			buildActionMask = 2147483647;
			files = (
				4D5B2DB22C37F62300D6C20C /* Preview Assets.xcassets in Resources */,
				4D5B2DAF2C37F62300D6C20C /* Assets.xcassets in Resources */,
			);
			runOnlyForDeploymentPostprocessing = 0;
		};
		4D5B2DB52C37F62300D6C20C /* Resources */ = {
			isa = PBXResourcesBuildPhase;
			buildActionMask = 2147483647;
			files = (
			);
			runOnlyForDeploymentPostprocessing = 0;
		};
		4D5B2DBF2C37F62300D6C20C /* Resources */ = {
			isa = PBXResourcesBuildPhase;
			buildActionMask = 2147483647;
			files = (
			);
			runOnlyForDeploymentPostprocessing = 0;
		};
/* End PBXResourcesBuildPhase section */

/* Begin PBXSourcesBuildPhase section */
		4D5B2DA12C37F62200D6C20C /* Sources */ = {
			isa = PBXSourcesBuildPhase;
			buildActionMask = 2147483647;
			files = (
				4D5B2DAB2C37F62200D6C20C /* ContentView.swift in Sources */,
				4D5B2DAD2C37F62200D6C20C /* Item.swift in Sources */,
				4D5B2DA92C37F62200D6C20C /* SimpleSwiftDataApp.swift in Sources */,
			);
			runOnlyForDeploymentPostprocessing = 0;
		};
		4D5B2DB32C37F62300D6C20C /* Sources */ = {
			isa = PBXSourcesBuildPhase;
			buildActionMask = 2147483647;
			files = (
				4D5B2DBC2C37F62300D6C20C /* SimpleSwiftDataTests.swift in Sources */,
			);
			runOnlyForDeploymentPostprocessing = 0;
		};
		4D5B2DBD2C37F62300D6C20C /* Sources */ = {
			isa = PBXSourcesBuildPhase;
			buildActionMask = 2147483647;
			files = (
				4D5B2DC82C37F62300D6C20C /* SimpleSwiftDataUITestsLaunchTests.swift in Sources */,
				4D5B2DC62C37F62300D6C20C /* SimpleSwiftDataUITests.swift in Sources */,
			);
			runOnlyForDeploymentPostprocessing = 0;
		};
/* End PBXSourcesBuildPhase section */

/* Begin PBXTargetDependency section */
		4D5B2DB92C37F62300D6C20C /* PBXTargetDependency */ = {
			isa = PBXTargetDependency;
			target = 4D5B2DA42C37F62200D6C20C /* SimpleSwiftData */;
			targetProxy = 4D5B2DB82C37F62300D6C20C /* PBXContainerItemProxy */;
		};
		4D5B2DC32C37F62300D6C20C /* PBXTargetDependency */ = {
			isa = PBXTargetDependency;
			target = 4D5B2DA42C37F62200D6C20C /* SimpleSwiftData */;
			targetProxy = 4D5B2DC22C37F62300D6C20C /* PBXContainerItemProxy */;
		};
/* End PBXTargetDependency section */

/* Begin XCBuildConfiguration section */
		4D5B2DC92C37F62300D6C20C /* Debug */ = {
			isa = XCBuildConfiguration;
			buildSettings = {
				ALWAYS_SEARCH_USER_PATHS = NO;
				ASSETCATALOG_COMPILER_GENERATE_SWIFT_ASSET_SYMBOL_EXTENSIONS = YES;
				CLANG_ANALYZER_NONNULL = YES;
				CLANG_ANALYZER_NUMBER_OBJECT_CONVERSION = YES_AGGRESSIVE;
				CLANG_CXX_LANGUAGE_STANDARD = "gnu++20";
				CLANG_ENABLE_MODULES = YES;
				CLANG_ENABLE_OBJC_ARC = YES;
				CLANG_ENABLE_OBJC_WEAK = YES;
				CLANG_WARN_BLOCK_CAPTURE_AUTORELEASING = YES;
				CLANG_WARN_BOOL_CONVERSION = YES;
				CLANG_WARN_COMMA = YES;
				CLANG_WARN_CONSTANT_CONVERSION = YES;
				CLANG_WARN_DEPRECATED_OBJC_IMPLEMENTATIONS = YES;
				CLANG_WARN_DIRECT_OBJC_ISA_USAGE = YES_ERROR;
				CLANG_WARN_DOCUMENTATION_COMMENTS = YES;
				CLANG_WARN_EMPTY_BODY = YES;
				CLANG_WARN_ENUM_CONVERSION = YES;
				CLANG_WARN_INFINITE_RECURSION = YES;
				CLANG_WARN_INT_CONVERSION = YES;
				CLANG_WARN_NON_LITERAL_NULL_CONVERSION = YES;
				CLANG_WARN_OBJC_IMPLICIT_RETAIN_SELF = YES;
				CLANG_WARN_OBJC_LITERAL_CONVERSION = YES;
				CLANG_WARN_OBJC_ROOT_CLASS = YES_ERROR;
				CLANG_WARN_QUOTED_INCLUDE_IN_FRAMEWORK_HEADER = YES;
				CLANG_WARN_RANGE_LOOP_ANALYSIS = YES;
				CLANG_WARN_STRICT_PROTOTYPES = YES;
				CLANG_WARN_SUSPICIOUS_MOVE = YES;
				CLANG_WARN_UNGUARDED_AVAILABILITY = YES_AGGRESSIVE;
				CLANG_WARN_UNREACHABLE_CODE = YES;
				CLANG_WARN__DUPLICATE_METHOD_MATCH = YES;
				COPY_PHASE_STRIP = NO;
				DEBUG_INFORMATION_FORMAT = dwarf;
				ENABLE_STRICT_OBJC_MSGSEND = YES;
				ENABLE_TESTABILITY = YES;
				ENABLE_USER_SCRIPT_SANDBOXING = YES;
				GCC_C_LANGUAGE_STANDARD = gnu17;
				GCC_DYNAMIC_NO_PIC = NO;
				GCC_NO_COMMON_BLOCKS = YES;
				GCC_OPTIMIZATION_LEVEL = 0;
				GCC_PREPROCESSOR_DEFINITIONS = (
					"DEBUG=1",
					"$(inherited)",
				);
				GCC_WARN_64_TO_32_BIT_CONVERSION = YES;
				GCC_WARN_ABOUT_RETURN_TYPE = YES_ERROR;
				GCC_WARN_UNDECLARED_SELECTOR = YES;
				GCC_WARN_UNINITIALIZED_AUTOS = YES_AGGRESSIVE;
				GCC_WARN_UNUSED_FUNCTION = YES;
				GCC_WARN_UNUSED_VARIABLE = YES;
				IPHONEOS_DEPLOYMENT_TARGET = 17.5;
				LOCALIZATION_PREFERS_STRING_CATALOGS = YES;
				MTL_ENABLE_DEBUG_INFO = INCLUDE_SOURCE;
				MTL_FAST_MATH = YES;
				ONLY_ACTIVE_ARCH = YES;
				SDKROOT = iphoneos;
				SWIFT_ACTIVE_COMPILATION_CONDITIONS = "DEBUG $(inherited)";
				SWIFT_OPTIMIZATION_LEVEL = "-Onone";
			};
			name = Debug;
		};
		4D5B2DCA2C37F62300D6C20C /* Release */ = {
			isa = XCBuildConfiguration;
			buildSettings = {
				ALWAYS_SEARCH_USER_PATHS = NO;
				ASSETCATALOG_COMPILER_GENERATE_SWIFT_ASSET_SYMBOL_EXTENSIONS = YES;
				CLANG_ANALYZER_NONNULL = YES;
				CLANG_ANALYZER_NUMBER_OBJECT_CONVERSION = YES_AGGRESSIVE;
				CLANG_CXX_LANGUAGE_STANDARD = "gnu++20";
				CLANG_ENABLE_MODULES = YES;
				CLANG_ENABLE_OBJC_ARC = YES;
				CLANG_ENABLE_OBJC_WEAK = YES;
				CLANG_WARN_BLOCK_CAPTURE_AUTORELEASING = YES;
				CLANG_WARN_BOOL_CONVERSION = YES;
				CLANG_WARN_COMMA = YES;
				CLANG_WARN_CONSTANT_CONVERSION = YES;
				CLANG_WARN_DEPRECATED_OBJC_IMPLEMENTATIONS = YES;
				CLANG_WARN_DIRECT_OBJC_ISA_USAGE = YES_ERROR;
				CLANG_WARN_DOCUMENTATION_COMMENTS = YES;
				CLANG_WARN_EMPTY_BODY = YES;
				CLANG_WARN_ENUM_CONVERSION = YES;
				CLANG_WARN_INFINITE_RECURSION = YES;
				CLANG_WARN_INT_CONVERSION = YES;
				CLANG_WARN_NON_LITERAL_NULL_CONVERSION = YES;
				CLANG_WARN_OBJC_IMPLICIT_RETAIN_SELF = YES;
				CLANG_WARN_OBJC_LITERAL_CONVERSION = YES;
				CLANG_WARN_OBJC_ROOT_CLASS = YES_ERROR;
				CLANG_WARN_QUOTED_INCLUDE_IN_FRAMEWORK_HEADER = YES;
				CLANG_WARN_RANGE_LOOP_ANALYSIS = YES;
				CLANG_WARN_STRICT_PROTOTYPES = YES;
				CLANG_WARN_SUSPICIOUS_MOVE = YES;
				CLANG_WARN_UNGUARDED_AVAILABILITY = YES_AGGRESSIVE;
				CLANG_WARN_UNREACHABLE_CODE = YES;
				CLANG_WARN__DUPLICATE_METHOD_MATCH = YES;
				COPY_PHASE_STRIP = NO;
				DEBUG_INFORMATION_FORMAT = "dwarf-with-dsym";
				ENABLE_NS_ASSERTIONS = NO;
				ENABLE_STRICT_OBJC_MSGSEND = YES;
				ENABLE_USER_SCRIPT_SANDBOXING = YES;
				GCC_C_LANGUAGE_STANDARD = gnu17;
				GCC_NO_COMMON_BLOCKS = YES;
				GCC_WARN_64_TO_32_BIT_CONVERSION = YES;
				GCC_WARN_ABOUT_RETURN_TYPE = YES_ERROR;
				GCC_WARN_UNDECLARED_SELECTOR = YES;
				GCC_WARN_UNINITIALIZED_AUTOS = YES_AGGRESSIVE;
				GCC_WARN_UNUSED_FUNCTION = YES;
				GCC_WARN_UNUSED_VARIABLE = YES;
				IPHONEOS_DEPLOYMENT_TARGET = 17.5;
				LOCALIZATION_PREFERS_STRING_CATALOGS = YES;
				MTL_ENABLE_DEBUG_INFO = NO;
				MTL_FAST_MATH = YES;
				SDKROOT = iphoneos;
				SWIFT_COMPILATION_MODE = wholemodule;
				VALIDATE_PRODUCT = YES;
			};
			name = Release;
		};
		4D5B2DCC2C37F62300D6C20C /* Debug */ = {
			isa = XCBuildConfiguration;
			buildSettings = {
				ASSETCATALOG_COMPILER_APPICON_NAME = AppIcon;
				ASSETCATALOG_COMPILER_GLOBAL_ACCENT_COLOR_NAME = AccentColor;
				CODE_SIGN_STYLE = Automatic;
				CURRENT_PROJECT_VERSION = 1;
				DEVELOPMENT_ASSET_PATHS = "\"SimpleSwiftData/Preview Content\"";
				DEVELOPMENT_TEAM = "";
				ENABLE_PREVIEWS = YES;
				GENERATE_INFOPLIST_FILE = YES;
				INFOPLIST_KEY_UIApplicationSceneManifest_Generation = YES;
				INFOPLIST_KEY_UIApplicationSupportsIndirectInputEvents = YES;
				INFOPLIST_KEY_UILaunchScreen_Generation = YES;
				INFOPLIST_KEY_UISupportedInterfaceOrientations_iPad = "UIInterfaceOrientationPortrait UIInterfaceOrientationPortraitUpsideDown UIInterfaceOrientationLandscapeLeft UIInterfaceOrientationLandscapeRight";
				INFOPLIST_KEY_UISupportedInterfaceOrientations_iPhone = "UIInterfaceOrientationPortrait UIInterfaceOrientationLandscapeLeft UIInterfaceOrientationLandscapeRight";
				LD_RUNPATH_SEARCH_PATHS = (
					"$(inherited)",
					"@executable_path/Frameworks",
				);
				MARKETING_VERSION = 1.0;
				PRODUCT_BUNDLE_IDENTIFIER = uk.co.silentflute.SimpleSwiftData;
				PRODUCT_NAME = "$(TARGET_NAME)";
				SWIFT_EMIT_LOC_STRINGS = YES;
				SWIFT_VERSION = 5.0;
				TARGETED_DEVICE_FAMILY = "1,2";
			};
			name = Debug;
		};
		4D5B2DCD2C37F62300D6C20C /* Release */ = {
			isa = XCBuildConfiguration;
			buildSettings = {
				ASSETCATALOG_COMPILER_APPICON_NAME = AppIcon;
				ASSETCATALOG_COMPILER_GLOBAL_ACCENT_COLOR_NAME = AccentColor;
				CODE_SIGN_STYLE = Automatic;
				CURRENT_PROJECT_VERSION = 1;
				DEVELOPMENT_ASSET_PATHS = "\"SimpleSwiftData/Preview Content\"";
				DEVELOPMENT_TEAM = "";
				ENABLE_PREVIEWS = YES;
				GENERATE_INFOPLIST_FILE = YES;
				INFOPLIST_KEY_UIApplicationSceneManifest_Generation = YES;
				INFOPLIST_KEY_UIApplicationSupportsIndirectInputEvents = YES;
				INFOPLIST_KEY_UILaunchScreen_Generation = YES;
				INFOPLIST_KEY_UISupportedInterfaceOrientations_iPad = "UIInterfaceOrientationPortrait UIInterfaceOrientationPortraitUpsideDown UIInterfaceOrientationLandscapeLeft UIInterfaceOrientationLandscapeRight";
				INFOPLIST_KEY_UISupportedInterfaceOrientations_iPhone = "UIInterfaceOrientationPortrait UIInterfaceOrientationLandscapeLeft UIInterfaceOrientationLandscapeRight";
				LD_RUNPATH_SEARCH_PATHS = (
					"$(inherited)",
					"@executable_path/Frameworks",
				);
				MARKETING_VERSION = 1.0;
				PRODUCT_BUNDLE_IDENTIFIER = uk.co.silentflute.SimpleSwiftData;
				PRODUCT_NAME = "$(TARGET_NAME)";
				SWIFT_EMIT_LOC_STRINGS = YES;
				SWIFT_VERSION = 5.0;
				TARGETED_DEVICE_FAMILY = "1,2";
			};
			name = Release;
		};
		4D5B2DCF2C37F62300D6C20C /* Debug */ = {
			isa = XCBuildConfiguration;
			buildSettings = {
				ALWAYS_EMBED_SWIFT_STANDARD_LIBRARIES = YES;
				BUNDLE_LOADER = "$(TEST_HOST)";
				CODE_SIGN_STYLE = Automatic;
				CURRENT_PROJECT_VERSION = 1;
				DEVELOPMENT_TEAM = "";
				GENERATE_INFOPLIST_FILE = YES;
				IPHONEOS_DEPLOYMENT_TARGET = 17.5;
				MARKETING_VERSION = 1.0;
				PRODUCT_BUNDLE_IDENTIFIER = uk.co.silentflute.SimpleSwiftDataTests;
				PRODUCT_NAME = "$(TARGET_NAME)";
				SWIFT_EMIT_LOC_STRINGS = NO;
				SWIFT_VERSION = 5.0;
				TARGETED_DEVICE_FAMILY = "1,2";
				TEST_HOST = "$(BUILT_PRODUCTS_DIR)/SimpleSwiftData.app/$(BUNDLE_EXECUTABLE_FOLDER_PATH)/SimpleSwiftData";
			};
			name = Debug;
		};
		4D5B2DD02C37F62300D6C20C /* Release */ = {
			isa = XCBuildConfiguration;
			buildSettings = {
				ALWAYS_EMBED_SWIFT_STANDARD_LIBRARIES = YES;
				BUNDLE_LOADER = "$(TEST_HOST)";
				CODE_SIGN_STYLE = Automatic;
				CURRENT_PROJECT_VERSION = 1;
				DEVELOPMENT_TEAM = "";
				GENERATE_INFOPLIST_FILE = YES;
				IPHONEOS_DEPLOYMENT_TARGET = 17.5;
				MARKETING_VERSION = 1.0;
				PRODUCT_BUNDLE_IDENTIFIER = uk.co.silentflute.SimpleSwiftDataTests;
				PRODUCT_NAME = "$(TARGET_NAME)";
				SWIFT_EMIT_LOC_STRINGS = NO;
				SWIFT_VERSION = 5.0;
				TARGETED_DEVICE_FAMILY = "1,2";
				TEST_HOST = "$(BUILT_PRODUCTS_DIR)/SimpleSwiftData.app/$(BUNDLE_EXECUTABLE_FOLDER_PATH)/SimpleSwiftData";
			};
			name = Release;
		};
		4D5B2DD22C37F62300D6C20C /* Debug */ = {
			isa = XCBuildConfiguration;
			buildSettings = {
				ALWAYS_EMBED_SWIFT_STANDARD_LIBRARIES = YES;
				CODE_SIGN_STYLE = Automatic;
				CURRENT_PROJECT_VERSION = 1;
				DEVELOPMENT_TEAM = "";
				GENERATE_INFOPLIST_FILE = YES;
				MARKETING_VERSION = 1.0;
				PRODUCT_BUNDLE_IDENTIFIER = uk.co.silentflute.SimpleSwiftDataUITests;
				PRODUCT_NAME = "$(TARGET_NAME)";
				SWIFT_EMIT_LOC_STRINGS = NO;
				SWIFT_VERSION = 5.0;
				TARGETED_DEVICE_FAMILY = "1,2";
				TEST_TARGET_NAME = SimpleSwiftData;
			};
			name = Debug;
		};
		4D5B2DD32C37F62300D6C20C /* Release */ = {
			isa = XCBuildConfiguration;
			buildSettings = {
				ALWAYS_EMBED_SWIFT_STANDARD_LIBRARIES = YES;
				CODE_SIGN_STYLE = Automatic;
				CURRENT_PROJECT_VERSION = 1;
				DEVELOPMENT_TEAM = "";
				GENERATE_INFOPLIST_FILE = YES;
				MARKETING_VERSION = 1.0;
				PRODUCT_BUNDLE_IDENTIFIER = uk.co.silentflute.SimpleSwiftDataUITests;
				PRODUCT_NAME = "$(TARGET_NAME)";
				SWIFT_EMIT_LOC_STRINGS = NO;
				SWIFT_VERSION = 5.0;
				TARGETED_DEVICE_FAMILY = "1,2";
				TEST_TARGET_NAME = SimpleSwiftData;
			};
			name = Release;
		};
/* End XCBuildConfiguration section */

/* Begin XCConfigurationList section */
		4D5B2DA02C37F62200D6C20C /* Build configuration list for PBXProject "SimpleSwiftData" */ = {
			isa = XCConfigurationList;
			buildConfigurations = (
				4D5B2DC92C37F62300D6C20C /* Debug */,
				4D5B2DCA2C37F62300D6C20C /* Release */,
			);
			defaultConfigurationIsVisible = 0;
			defaultConfigurationName = Release;
		};
		4D5B2DCB2C37F62300D6C20C /* Build configuration list for PBXNativeTarget "SimpleSwiftData" */ = {
			isa = XCConfigurationList;
			buildConfigurations = (
				4D5B2DCC2C37F62300D6C20C /* Debug */,
				4D5B2DCD2C37F62300D6C20C /* Release */,
			);
			defaultConfigurationIsVisible = 0;
			defaultConfigurationName = Release;
		};
		4D5B2DCE2C37F62300D6C20C /* Build configuration list for PBXNativeTarget "SimpleSwiftDataTests" */ = {
			isa = XCConfigurationList;
			buildConfigurations = (
				4D5B2DCF2C37F62300D6C20C /* Debug */,
				4D5B2DD02C37F62300D6C20C /* Release */,
			);
			defaultConfigurationIsVisible = 0;
			defaultConfigurationName = Release;
		};
		4D5B2DD12C37F62300D6C20C /* Build configuration list for PBXNativeTarget "SimpleSwiftDataUITests" */ = {
			isa = XCConfigurationList;
			buildConfigurations = (
				4D5B2DD22C37F62300D6C20C /* Debug */,
				4D5B2DD32C37F62300D6C20C /* Release */,
			);
			defaultConfigurationIsVisible = 0;
			defaultConfigurationName = Release;
		};
/* End XCConfigurationList section */
	};
	rootObject = 4D5B2D9D2C37F62200D6C20C /* Project object */;
}
